Microsoft Visual Studio Solution File, Format Version 12.00
Project("{FAE04EC0-301F-11D3-BF4B-00C04F79EFBC}") = "Flowforge.Api", "flowforge.api/Flowforge.Api.csproj", "{6F584EF2-019F-42D1-948E-0F4161F74AD9}"
EndProject
Project("{FAE04EC0-301F-11D3-BF4B-00C04F79EFBC}") = "Flowforge.NUnit", "flowforge.nunit/Flowforge.NUnit.csproj", "{8538DE66-6CBE-4CDC-8A45-2E1D6860186D}"
EndProject
Global
    GlobalSection(SolutionConfigurationPlatforms) = preSolution
        Debug|Any CPU = Debug|Any CPU
        Release|Any CPU = Release|Any CPU
    EndGlobalSection
    GlobalSection(ProjectConfigurationPlatforms) = postSolution
        {6F584EF2-019F-42D1-948E-0F4161F74AD9}.Debug|Any CPU.ActiveCfg = Debug|Any CPU
        {6F584EF2-019F-42D1-948E-0F4161F74AD9}.Debug|Any CPU.Build.0 = Debug|Any CPU
        {6F584EF2-019F-42D1-948E-0F4161F74AD9}.Release|Any CPU.ActiveCfg = Release|Any CPU
        {6F584EF2-019F-42D1-948E-0F4161F74AD9}.Release|Any CPU.Build.0 = Release|Any CPU
        {8538DE66-6CBE-4CDC-8A45-2E1D6860186D}.Debug|Any CPU.ActiveCfg = Debug|Any CPU
        {8538DE66-6CBE-4CDC-8A45-2E1D6860186D}.Debug|Any CPU.Build.0 = Debug|Any CPU
        {8538DE66-6CBE-4CDC-8A45-2E1D6860186D}.Release|Any CPU.ActiveCfg = Release|Any CPU
        {8538DE66-6CBE-4CDC-8A45-2E1D6860186D}.Release|Any CPU.Build.0 = Release|Any CPU
    EndGlobalSection
EndGlobal
